
Microsoft Visual Studio Solution File, Format Version 12.00
# Visual Studio Version 16
VisualStudioVersion = 16.0.29102.190
MinimumVisualStudioVersion = 10.0.40219.1
Project("{8BC9CEB8-8B4A-11D0-8D11-00A0C91BC942}") = "game", "game\game.vcxproj", "{2E820CE5-87CC-4794-8C09-B922AE285719}"
EndProject
Project("{8BC9CEB8-8B4A-11D0-8D11-00A0C91BC942}") = "audio", "audio\audio.vcxproj", "{40B63AEE-4288-4A96-9CAB-7FD60115AB6B}"
EndProject
Project("{8BC9CEB8-8B4A-11D0-8D11-00A0C91BC942}") = "core", "core\core.vcxproj", "{82DDDF78-D6C4-4ADB-975D-060080D09892}"
EndProject
Project("{8BC9CEB8-8B4A-11D0-8D11-00A0C91BC942}") = "effects", "effects\effects.vcxproj", "{30F1F770-4BF2-4CB7-A2EA-82F38FE52BD1}"
EndProject
Project("{8BC9CEB8-8B4A-11D0-8D11-00A0C91BC942}") = "framework", "framework\framework.vcxproj", "{8589882A-66F2-4284-AE10-F8FACD439991}"
EndProject
Project("{8BC9CEB8-8B4A-11D0-8D11-00A0C91BC942}") = "math", "math\math.vcxproj", "{2C52AB20-5D02-47E4-97F7-1167942F31DB}"
EndProject
Project("{8BC9CEB8-8B4A-11D0-8D11-00A0C91BC942}") = "renderer", "renderer\renderer.vcxproj", "{9ABEA2D4-6FA1-4644-9271-21E9AD4B980D}"
EndProject
Project("{8BC9CEB8-8B4A-11D0-8D11-00A0C91BC942}") = "engine", "engine\engine.vcxproj", "{F470E2DA-2AF5-4704-9623-6226B7AF1DC5}"
EndProject
Project("{8BC9CEB8-8B4A-11D0-8D11-00A0C91BC942}") = "resources", "resources\resources.vcxproj", "{518B9BB9-F86D-4B6A-89C9-8A8CFC37937B}"
EndProject
Project("{8BC9CEB8-8B4A-11D0-8D11-00A0C91BC942}") = "input", "input\input.vcxproj", "{86FCDA07-8DB5-49C7-898E-2404321AAB4C}"
EndProject
Global
	GlobalSection(SolutionConfigurationPlatforms) = preSolution
		Debug|x64 = Debug|x64
		Debug|x86 = Debug|x86
		Release|x64 = Release|x64
		Release|x86 = Release|x86
	EndGlobalSection
	GlobalSection(ProjectConfigurationPlatforms) = postSolution
		{2E820CE5-87CC-4794-8C09-B922AE285719}.Debug|x64.ActiveCfg = Debug|x64
		{2E820CE5-87CC-4794-8C09-B922AE285719}.Debug|x64.Build.0 = Debug|x64
		{2E820CE5-87CC-4794-8C09-B922AE285719}.Debug|x86.ActiveCfg = Debug|Win32
		{2E820CE5-87CC-4794-8C09-B922AE285719}.Debug|x86.Build.0 = Debug|Win32
		{2E820CE5-87CC-4794-8C09-B922AE285719}.Release|x64.ActiveCfg = Release|x64
		{2E820CE5-87CC-4794-8C09-B922AE285719}.Release|x64.Build.0 = Release|x64
		{2E820CE5-87CC-4794-8C09-B922AE285719}.Release|x86.ActiveCfg = Release|Win32
		{2E820CE5-87CC-4794-8C09-B922AE285719}.Release|x86.Build.0 = Release|Win32
		{40B63AEE-4288-4A96-9CAB-7FD60115AB6B}.Debug|x64.ActiveCfg = Debug|x64
		{40B63AEE-4288-4A96-9CAB-7FD60115AB6B}.Debug|x64.Build.0 = Debug|x64
		{40B63AEE-4288-4A96-9CAB-7FD60115AB6B}.Debug|x86.ActiveCfg = Debug|Win32
		{40B63AEE-4288-4A96-9CAB-7FD60115AB6B}.Debug|x86.Build.0 = Debug|Win32
		{40B63AEE-4288-4A96-9CAB-7FD60115AB6B}.Release|x64.ActiveCfg = Release|x64
		{40B63AEE-4288-4A96-9CAB-7FD60115AB6B}.Release|x64.Build.0 = Release|x64
		{40B63AEE-4288-4A96-9CAB-7FD60115AB6B}.Release|x86.ActiveCfg = Release|Win32
		{40B63AEE-4288-4A96-9CAB-7FD60115AB6B}.Release|x86.Build.0 = Release|Win32
		{82DDDF78-D6C4-4ADB-975D-060080D09892}.Debug|x64.ActiveCfg = Debug|x64
		{82DDDF78-D6C4-4ADB-975D-060080D09892}.Debug|x64.Build.0 = Debug|x64
		{82DDDF78-D6C4-4ADB-975D-060080D09892}.Debug|x86.ActiveCfg = Debug|Win32
		{82DDDF78-D6C4-4ADB-975D-060080D09892}.Debug|x86.Build.0 = Debug|Win32
		{82DDDF78-D6C4-4ADB-975D-060080D09892}.Release|x64.ActiveCfg = Release|x64
		{82DDDF78-D6C4-4ADB-975D-060080D09892}.Release|x64.Build.0 = Release|x64
		{82DDDF78-D6C4-4ADB-975D-060080D09892}.Release|x86.ActiveCfg = Release|Win32
		{82DDDF78-D6C4-4ADB-975D-060080D09892}.Release|x86.Build.0 = Release|Win32
		{30F1F770-4BF2-4CB7-A2EA-82F38FE52BD1}.Debug|x64.ActiveCfg = Debug|x64
		{30F1F770-4BF2-4CB7-A2EA-82F38FE52BD1}.Debug|x64.Build.0 = Debug|x64
		{30F1F770-4BF2-4CB7-A2EA-82F38FE52BD1}.Debug|x86.ActiveCfg = Debug|Win32
		{30F1F770-4BF2-4CB7-A2EA-82F38FE52BD1}.Debug|x86.Build.0 = Debug|Win32
		{30F1F770-4BF2-4CB7-A2EA-82F38FE52BD1}.Release|x64.ActiveCfg = Release|x64
		{30F1F770-4BF2-4CB7-A2EA-82F38FE52BD1}.Release|x64.Build.0 = Release|x64
		{30F1F770-4BF2-4CB7-A2EA-82F38FE52BD1}.Release|x86.ActiveCfg = Release|Win32
		{30F1F770-4BF2-4CB7-A2EA-82F38FE52BD1}.Release|x86.Build.0 = Release|Win32
		{8589882A-66F2-4284-AE10-F8FACD439991}.Debug|x64.ActiveCfg = Debug|x64
		{8589882A-66F2-4284-AE10-F8FACD439991}.Debug|x64.Build.0 = Debug|x64
		{8589882A-66F2-4284-AE10-F8FACD439991}.Debug|x86.ActiveCfg = Debug|Win32
		{8589882A-66F2-4284-AE10-F8FACD439991}.Debug|x86.Build.0 = Debug|Win32
		{8589882A-66F2-4284-AE10-F8FACD439991}.Release|x64.ActiveCfg = Release|x64
		{8589882A-66F2-4284-AE10-F8FACD439991}.Release|x64.Build.0 = Release|x64
		{8589882A-66F2-4284-AE10-F8FACD439991}.Release|x86.ActiveCfg = Release|Win32
		{8589882A-66F2-4284-AE10-F8FACD439991}.Release|x86.Build.0 = Release|Win32
		{2C52AB20-5D02-47E4-97F7-1167942F31DB}.Debug|x64.ActiveCfg = Debug|x64
		{2C52AB20-5D02-47E4-97F7-1167942F31DB}.Debug|x64.Build.0 = Debug|x64
		{2C52AB20-5D02-47E4-97F7-1167942F31DB}.Debug|x86.ActiveCfg = Debug|Win32
		{2C52AB20-5D02-47E4-97F7-1167942F31DB}.Debug|x86.Build.0 = Debug|Win32
		{2C52AB20-5D02-47E4-97F7-1167942F31DB}.Release|x64.ActiveCfg = Release|x64
		{2C52AB20-5D02-47E4-97F7-1167942F31DB}.Release|x64.Build.0 = Release|x64
		{2C52AB20-5D02-47E4-97F7-1167942F31DB}.Release|x86.ActiveCfg = Release|Win32
		{2C52AB20-5D02-47E4-97F7-1167942F31DB}.Release|x86.Build.0 = Release|Win32
		{9ABEA2D4-6FA1-4644-9271-21E9AD4B980D}.Debug|x64.ActiveCfg = Debug|x64
		{9ABEA2D4-6FA1-4644-9271-21E9AD4B980D}.Debug|x64.Build.0 = Debug|x64
		{9ABEA2D4-6FA1-4644-9271-21E9AD4B980D}.Debug|x86.ActiveCfg = Debug|Win32
		{9ABEA2D4-6FA1-4644-9271-21E9AD4B980D}.Debug|x86.Build.0 = Debug|Win32
		{9ABEA2D4-6FA1-4644-9271-21E9AD4B980D}.Release|x64.ActiveCfg = Release|x64
		{9ABEA2D4-6FA1-4644-9271-21E9AD4B980D}.Release|x64.Build.0 = Release|x64
		{9ABEA2D4-6FA1-4644-9271-21E9AD4B980D}.Release|x86.ActiveCfg = Release|Win32
		{9ABEA2D4-6FA1-4644-9271-21E9AD4B980D}.Release|x86.Build.0 = Release|Win32
		{F470E2DA-2AF5-4704-9623-6226B7AF1DC5}.Debug|x64.ActiveCfg = Debug|x64
		{F470E2DA-2AF5-4704-9623-6226B7AF1DC5}.Debug|x64.Build.0 = Debug|x64
		{F470E2DA-2AF5-4704-9623-6226B7AF1DC5}.Debug|x86.ActiveCfg = Debug|Win32
		{F470E2DA-2AF5-4704-9623-6226B7AF1DC5}.Debug|x86.Build.0 = Debug|Win32
		{F470E2DA-2AF5-4704-9623-6226B7AF1DC5}.Release|x64.ActiveCfg = Release|x64
		{F470E2DA-2AF5-4704-9623-6226B7AF1DC5}.Release|x64.Build.0 = Release|x64
		{F470E2DA-2AF5-4704-9623-6226B7AF1DC5}.Release|x86.ActiveCfg = Release|Win32
		{F470E2DA-2AF5-4704-9623-6226B7AF1DC5}.Release|x86.Build.0 = Release|Win32
		{518B9BB9-F86D-4B6A-89C9-8A8CFC37937B}.Debug|x64.ActiveCfg = Debug|x64
		{518B9BB9-F86D-4B6A-89C9-8A8CFC37937B}.Debug|x64.Build.0 = Debug|x64
		{518B9BB9-F86D-4B6A-89C9-8A8CFC37937B}.Debug|x86.ActiveCfg = Debug|Win32
		{518B9BB9-F86D-4B6A-89C9-8A8CFC37937B}.Debug|x86.Build.0 = Debug|Win32
		{518B9BB9-F86D-4B6A-89C9-8A8CFC37937B}.Release|x64.ActiveCfg = Release|x64
		{518B9BB9-F86D-4B6A-89C9-8A8CFC37937B}.Release|x64.Build.0 = Release|x64
		{518B9BB9-F86D-4B6A-89C9-8A8CFC37937B}.Release|x86.ActiveCfg = Release|Win32
		{518B9BB9-F86D-4B6A-89C9-8A8CFC37937B}.Release|x86.Build.0 = Release|Win32
		{86FCDA07-8DB5-49C7-898E-2404321AAB4C}.Debug|x64.ActiveCfg = Debug|x64
		{86FCDA07-8DB5-49C7-898E-2404321AAB4C}.Debug|x64.Build.0 = Debug|x64
		{86FCDA07-8DB5-49C7-898E-2404321AAB4C}.Debug|x86.ActiveCfg = Debug|Win32
		{86FCDA07-8DB5-49C7-898E-2404321AAB4C}.Debug|x86.Build.0 = Debug|Win32
		{86FCDA07-8DB5-49C7-898E-2404321AAB4C}.Release|x64.ActiveCfg = Release|x64
		{86FCDA07-8DB5-49C7-898E-2404321AAB4C}.Release|x64.Build.0 = Release|x64
		{86FCDA07-8DB5-49C7-898E-2404321AAB4C}.Release|x86.ActiveCfg = Release|Win32
		{86FCDA07-8DB5-49C7-898E-2404321AAB4C}.Release|x86.Build.0 = Release|Win32
	EndGlobalSection
	GlobalSection(SolutionProperties) = preSolution
		HideSolutionNode = FALSE
	EndGlobalSection
	GlobalSection(ExtensibilityGlobals) = postSolution
		SolutionGuid = {C9A04E80-C579-4E86-BCBD-7B05290CEB5E}
	EndGlobalSection
EndGlobal
