<?xml version="1.0" encoding="utf-8"?>
<Project ToolsVersion="4.0" xmlns="http://schemas.microsoft.com/developer/msbuild/2003">
  <ItemGroup>
    <Filter Include="source">
      <UniqueIdentifier>{4FC737F1-C7A5-4376-A066-2A32D752A2FF}</UniqueIdentifier>
      <Extensions>cpp;c;cc;cxx;def;odl;idl;hpj;bat;asm;asmx</Extensions>
    </Filter>
    <Filter Include="source\components">
      <UniqueIdentifier>{09940b77-6303-4abe-83ce-e07ca71d1ae6}</UniqueIdentifier>
    </Filter>
  </ItemGroup>
  <ItemGroup>
    <ClCompile Include="engine.cpp">
      <Filter>source</Filter>
    </ClCompile>
    <ClCompile Include="entity.cpp">
      <Filter>source</Filter>
    </ClCompile>
    <ClCompile Include="scene.cpp">
      <Filter>source</Filter>
    </ClCompile>
    <ClCompile Include="sprite_component.cpp">
      <Filter>source\components</Filter>
    </ClCompile>
    <ClCompile Include="controller_component.cpp">
      <Filter>source\components</Filter>
    </ClCompile>
  </ItemGroup>
  <ItemGroup>
    <ClInclude Include="engine.h">
      <Filter>source</Filter>
    </ClInclude>
    <ClInclude Include="system.h">
      <Filter>source</Filter>
    </ClInclude>
    <ClInclude Include="component.h">
      <Filter>source</Filter>
    </ClInclude>
    <ClInclude Include="entity.h">
      <Filter>source</Filter>
    </ClInclude>
    <ClInclude Include="object.h">
      <Filter>source</Filter>
    </ClInclude>
    <ClInclude Include="scene.h">
      <Filter>source</Filter>
    </ClInclude>
    <ClInclude Include="controller_component.h">
      <Filter>source\components</Filter>
    </ClInclude>
    <ClInclude Include="render_component.h">
      <Filter>source\components</Filter>
    </ClInclude>
    <ClInclude Include="sprite_component.h">
      <Filter>source\components</Filter>
    </ClInclude>
  </ItemGroup>
</Project>